
Microsoft Visual Studio Solution File, Format Version 12.00
# Visual Studio Version 17
VisualStudioVersion = 17.10.35027.167
MinimumVisualStudioVersion = 10.0.40219.1
Project("{FAE04EC0-301F-11D3-BF4B-00C04F79EFBC}") = "Promit", "Promit.csproj", "{233506F9-5B83-4879-B398-9916D17056A1}"
EndProject
Global
	GlobalSection(SolutionConfigurationPlatforms) = preSolution
		Debug|Any CPU = Debug|Any CPU
		Release|Any CPU = Release|Any CPU
	EndGlobalSection
	GlobalSection(ProjectConfigurationPlatforms) = postSolution
		{233506F9-5B83-4879-B398-9916D17056A1}.Debug|Any CPU.ActiveCfg = Debug|Any CPU
		{233506F9-5B83-4879-B398-9916D17056A1}.Debug|Any CPU.Build.0 = Debug|Any CPU
		{233506F9-5B83-4879-B398-9916D17056A1}.Release|Any CPU.ActiveCfg = Release|Any CPU
		{233506F9-5B83-4879-B398-9916D17056A1}.Release|Any CPU.Build.0 = Release|Any CPU
	EndGlobalSection
	GlobalSection(SolutionProperties) = preSolution
		HideSolutionNode = FALSE
	EndGlobalSection
	GlobalSection(ExtensibilityGlobals) = postSolution
		SolutionGuid = {3C0D6235-8B1A-4A5E-8112-5EA05623E3E9}
	EndGlobalSection
EndGlobal
